
Microsoft Visual Studio Solution File, Format Version 12.00
# Visual Studio Version 17
VisualStudioVersion = 17.0.31903.59
MinimumVisualStudioVersion = 10.0.40219.1
Project("{888888A0-9F3D-457C-B088-3A5042F75D52}") = "PreventLock", "PreventLock.pyproj", "{DD2EF693-816E-48B5-85EE-86BB08158BF2}"
EndProject
Global
	GlobalSection(SolutionConfigurationPlatforms) = preSolution
		Debug|Any CPU = Debug|Any CPU
		Release|Any CPU = Release|Any CPU
	EndGlobalSection
	GlobalSection(ProjectConfigurationPlatforms) = postSolution
		{DD2EF693-816E-48B5-85EE-86BB08158BF2}.Debug|Any CPU.ActiveCfg = Debug|Any CPU
		{DD2EF693-816E-48B5-85EE-86BB08158BF2}.Release|Any CPU.ActiveCfg = Release|Any CPU
	EndGlobalSection
	GlobalSection(SolutionProperties) = preSolution
		HideSolutionNode = FALSE
	EndGlobalSection
	GlobalSection(ExtensibilityGlobals) = postSolution
		SolutionGuid = {AC3ECF44-CB81-4C48-B07E-EA71F7D10694}
	EndGlobalSection
EndGlobal
